
Microsoft Visual Studio Solution File, Format Version 12.00
# Visual Studio Version 17
VisualStudioVersion = 17.11.35312.102
MinimumVisualStudioVersion = 10.0.40219.1
Project("{FAE04EC0-301F-11D3-BF4B-00C04F79EFBC}") = "Socket_Server", "SocketStudy\Socket_Server.csproj", "{E0BEB759-0345-4CB1-BA2D-D43E24920339}"
EndProject
Project("{FAE04EC0-301F-11D3-BF4B-00C04F79EFBC}") = "Socket_Client", "SocketStudyC\Socket_Client.csproj", "{74D56E3E-FF10-489F-9722-F1196C179286}"
EndProject
Global
	GlobalSection(SolutionConfigurationPlatforms) = preSolution
		Debug|Any CPU = Debug|Any CPU
		Release|Any CPU = Release|Any CPU
	EndGlobalSection
	GlobalSection(ProjectConfigurationPlatforms) = postSolution
		{E0BEB759-0345-4CB1-BA2D-D43E24920339}.Debug|Any CPU.ActiveCfg = Debug|Any CPU
		{E0BEB759-0345-4CB1-BA2D-D43E24920339}.Debug|Any CPU.Build.0 = Debug|Any CPU
		{E0BEB759-0345-4CB1-BA2D-D43E24920339}.Release|Any CPU.ActiveCfg = Release|Any CPU
		{E0BEB759-0345-4CB1-BA2D-D43E24920339}.Release|Any CPU.Build.0 = Release|Any CPU
		{74D56E3E-FF10-489F-9722-F1196C179286}.Debug|Any CPU.ActiveCfg = Debug|Any CPU
		{74D56E3E-FF10-489F-9722-F1196C179286}.Debug|Any CPU.Build.0 = Debug|Any CPU
		{74D56E3E-FF10-489F-9722-F1196C179286}.Release|Any CPU.ActiveCfg = Release|Any CPU
		{74D56E3E-FF10-489F-9722-F1196C179286}.Release|Any CPU.Build.0 = Release|Any CPU
	EndGlobalSection
	GlobalSection(SolutionProperties) = preSolution
		HideSolutionNode = FALSE
	EndGlobalSection
	GlobalSection(ExtensibilityGlobals) = postSolution
		SolutionGuid = {D6BA9A40-E074-430E-9AD7-3CCD6B7B856C}
	EndGlobalSection
EndGlobal
